# THIS IS AN AUTOGENERATED FILE. DO NOT EDIT THIS FILE DIRECTLY.
# yarn lockfile v1


nan@^2.7.0:
  version "2.15.0"
  resolved "https://registry.nlark.com/nan/download/nan-2.15.0.tgz?cache=0&sync_timestamp=1628093649682&other_urls=https%3A%2F%2Fregistry.nlark.com%2Fnan%2Fdownload%2Fnan-2.15.0.tgz#3f34a473ff18e15c1b5626b62903b5ad6e665fee"
  integrity sha1-PzSkc/8Y4VwbVia2KQO1rW5mX+4=
